PODS:
  - Disk (0.6.3)
  - PocketSVG (2.4.2)
  - RxSwift (5.0.0)
  - SpotlightLyrics (0.1.5)

DEPENDENCIES:
  - Disk (~> 0.6.3)
  - PocketSVG (~> 2.4)
  - RxSwift (~> 5)
  - SpotlightLyrics

SPEC REPOS:
  https://github.com/cocoapods/specs.git:
    - Disk
    - PocketSVG
    - RxSwift
    - SpotlightLyrics

SPEC CHECKSUMS:
  Disk: 76cccb6fed1c27cd661bbdea7b117d887c2f72e5
  PocketSVG: c30139829206a43df2ec203880e3970531facba7
  RxSwift: 8b0671caa829a763bbce7271095859121cbd895f
  SpotlightLyrics: dd24e435678db20b476b454447e767f3f88f2b6e

PODFILE CHECKSUM: e199666e4a40e0b9aa7b863ce8e4ba779c11959f

COCOAPODS: 1.7.1
