// !$*UTF8*$!
{
	archiveVersion = 1;
	classes = {
	};
	objectVersion = 46;
	objects = {

/* Begin PBXBuildFile section */
		3E4A19491C8F1948006032BC /* AppDelegate.swift in Sources */ = {isa = PBXBuildFile; fileRef = 3E4A19481C8F1948006032BC /* AppDelegate.swift */; };
		3E4A194B1C8F1948006032BC /* ViewController.swift in Sources */ = {isa = PBXBuildFile; fileRef = 3E4A194A1C8F1948006032BC /* ViewController.swift */; };
		3E4A194E1C8F1948006032BC /* Main.storyboard in Resources */ = {isa = PBXBuildFile; fileRef = 3E4A194C1C8F1948006032BC /* Main.storyboard */; };
		3E4A19501C8F1948006032BC /* Assets.xcassets in Resources */ = {isa = PBXBuildFile; fileRef = 3E4A194F1C8F1948006032BC /* Assets.xcassets */; };
		3E4A19531C8F1948006032BC /* LaunchScreen.storyboard in Resources */ = {isa = PBXBuildFile; fileRef = 3E4A19511C8F1948006032BC /* LaunchScreen.storyboard */; };
		691A4C063347AEA490873545 /* Pods_Nebula.framework in Frameworks */ = {isa = PBXBuildFile; fileRef = 7DE33793EE165E3BD7567711 /* Pods_Nebula.framework */; };
		FD0EDAFC22A5AFED0035673C /* Kernel.metal in Sources */ = {isa = PBXBuildFile; fileRef = FD0EDAFB22A5AFED0035673C /* Kernel.metal */; };
		FD0EDB0422AB40B00035673C /* Accelerate.framework in Frameworks */ = {isa = PBXBuildFile; fileRef = FD0EDB0322AB40B00035673C /* Accelerate.framework */; };
		FD0EDB0622AB40CF0035673C /* AudioToolbox.framework in Frameworks */ = {isa = PBXBuildFile; fileRef = FD0EDB0522AB40CF0035673C /* AudioToolbox.framework */; };
		FD0EDB0A22AB496B0035673C /* RecordAudio.swift in Sources */ = {isa = PBXBuildFile; fileRef = FD0EDB0922AB496B0035673C /* RecordAudio.swift */; };
		FD0EDB0C22AED5F60035673C /* MetalImageView.swift in Sources */ = {isa = PBXBuildFile; fileRef = FD0EDB0B22AED5F60035673C /* MetalImageView.swift */; };
		FD0EDB1C22C6A4040035673C /* RxMediaPicker.swift in Sources */ = {isa = PBXBuildFile; fileRef = FD0EDB1B22C6A4040035673C /* RxMediaPicker.swift */; };
		FD47B0FC22FA6D5B0006BEC0 /* DiskCatalog.swift in Sources */ = {isa = PBXBuildFile; fileRef = FD47B0FB22FA6D5B0006BEC0 /* DiskCatalog.swift */; };
		FD47B0FE230BB2A10006BEC0 /* DateUtil.swift in Sources */ = {isa = PBXBuildFile; fileRef = FD47B0FD230BB2A10006BEC0 /* DateUtil.swift */; };
		FD47B100230CFCA10006BEC0 /* URL+UrlInDocumentsDirectory.swift in Sources */ = {isa = PBXBuildFile; fileRef = FD47B0FF230CFCA10006BEC0 /* URL+UrlInDocumentsDirectory.swift */; };
		FD47B102230CFCDF0006BEC0 /* UIImageView+AnimateImageRefs.swift in Sources */ = {isa = PBXBuildFile; fileRef = FD47B101230CFCDF0006BEC0 /* UIImageView+AnimateImageRefs.swift */; };
		FD47B104230ED0120006BEC0 /* UIImage+FixOrientation.swift in Sources */ = {isa = PBXBuildFile; fileRef = FD47B103230ED0120006BEC0 /* UIImage+FixOrientation.swift */; };
		FD47B10823102BA80006BEC0 /* AveragingBuffer.swift in Sources */ = {isa = PBXBuildFile; fileRef = FD47B10723102BA80006BEC0 /* AveragingBuffer.swift */; };
		FD47B10A2311BE8D0006BEC0 /* round_mic.svg in Resources */ = {isa = PBXBuildFile; fileRef = FD47B1092311BE8D0006BEC0 /* round_mic.svg */; };
		FD47B10C2312F2600006BEC0 /* UIColor+Hex.swift in Sources */ = {isa = PBXBuildFile; fileRef = FD47B10B2312F2600006BEC0 /* UIColor+Hex.swift */; };
		FD946AC822D52411002CD027 /* VSSlider.swift in Sources */ = {isa = PBXBuildFile; fileRef = FD946AC722D52411002CD027 /* VSSlider.swift */; };
		FD946AD022D5268E002CD027 /* aubio.framework in Frameworks */ = {isa = PBXBuildFile; fileRef = FD946ACF22D5268E002CD027 /* aubio.framework */; };
		FD946ADC22E20931002CD027 /* UIBezierPath+scaleAroundCenter.swift in Sources */ = {isa = PBXBuildFile; fileRef = FD946ADB22E20931002CD027 /* UIBezierPath+scaleAroundCenter.swift */; };
		FD946AE722E421A9002CD027 /* mic_off.svg in Resources */ = {isa = PBXBuildFile; fileRef = FD946AE222E421A8002CD027 /* mic_off.svg */; };
		FD946AE922E421A9002CD027 /* mic.svg in Resources */ = {isa = PBXBuildFile; fileRef = FD946AE422E421A9002CD027 /* mic.svg */; };
		FD946AEC22E4B1AD002CD027 /* BlurIconView.swift in Sources */ = {isa = PBXBuildFile; fileRef = FD946AEB22E4B1AD002CD027 /* BlurIconView.swift */; };
		FD946AF322E4F9CA002CD027 /* clear.svg in Resources */ = {isa = PBXBuildFile; fileRef = FD946AF122E4F9CA002CD027 /* clear.svg */; };
		FD946AF422E4F9CA002CD027 /* add_photo.svg in Resources */ = {isa = PBXBuildFile; fileRef = FD946AF222E4F9CA002CD027 /* add_photo.svg */; };
		FD946AF622E4FC38002CD027 /* UILabel+Fade.swift in Sources */ = {isa = PBXBuildFile; fileRef = FD946AF522E4FC38002CD027 /* UILabel+Fade.swift */; };
		FD9FE1FB22E738370037D1D1 /* ImageCell.swift in Sources */ = {isa = PBXBuildFile; fileRef = FD9FE1FA22E738370037D1D1 /* ImageCell.swift */; };
		FDC821A622EA2E75009DCE9F /* delete.svg in Resources */ = {isa = PBXBuildFile; fileRef = FDC821A522EA2E75009DCE9F /* delete.svg */; };
		FDC821A822EA2FC9009DCE9F /* UIView+DashedBorder.swift in Sources */ = {isa = PBXBuildFile; fileRef = FDC821A722EA2FC9009DCE9F /* UIView+DashedBorder.swift */; };
/* End PBXBuildFile section */

/* Begin PBXFileReference section */
		00637079041121AB83116368 /* Pods-Nebula.debug.xcconfig */ = {isa = PBXFileReference; includeInIndex = 1; lastKnownFileType = text.xcconfig; name = "Pods-Nebula.debug.xcconfig"; path = "Target Support Files/Pods-Nebula/Pods-Nebula.debug.xcconfig"; sourceTree = "<group>"; };
		3E4A19451C8F1948006032BC /* Nebula.app */ = {isa = PBXFileReference; explicitFileType = wrapper.application; includeInIndex = 0; path = Nebula.app; sourceTree = BUILT_PRODUCTS_DIR; };
		3E4A19481C8F1948006032BC /* AppDelegate.swift */ = {isa = PBXFileReference; lastKnownFileType = sourcecode.swift; path = AppDelegate.swift; sourceTree = "<group>"; };
		3E4A194A1C8F1948006032BC /* ViewController.swift */ = {isa = PBXFileReference; lastKnownFileType = sourcecode.swift; path = ViewController.swift; sourceTree = "<group>"; };
		3E4A194D1C8F1948006032BC /* Base */ = {isa = PBXFileReference; lastKnownFileType = file.storyboard; name = Base; path = Base.lproj/Main.storyboard; sourceTree = "<group>"; };
		3E4A194F1C8F1948006032BC /* Assets.xcassets */ = {isa = PBXFileReference; lastKnownFileType = folder.assetcatalog; path = Assets.xcassets; sourceTree = "<group>"; };
		3E4A19521C8F1948006032BC /* Base */ = {isa = PBXFileReference; lastKnownFileType = file.storyboard; name = Base; path = Base.lproj/LaunchScreen.storyboard; sourceTree = "<group>"; };
		3E4A19541C8F1948006032BC /* Info.plist */ = {isa = PBXFileReference; lastKnownFileType = text.plist.xml; path = Info.plist; sourceTree = "<group>"; };
		77889D80A880E1AB3B334F3A /* Pods-Nebula.release.xcconfig */ = {isa = PBXFileReference; includeInIndex = 1; lastKnownFileType = text.xcconfig; name = "Pods-Nebula.release.xcconfig"; path = "Target Support Files/Pods-Nebula/Pods-Nebula.release.xcconfig"; sourceTree = "<group>"; };
		7DE33793EE165E3BD7567711 /* Pods_Nebula.framework */ = {isa = PBXFileReference; explicitFileType = wrapper.framework; includeInIndex = 0; path = Pods_Nebula.framework; sourceTree = BUILT_PRODUCTS_DIR; };
		FD0EDAFB22A5AFED0035673C /* Kernel.metal */ = {isa = PBXFileReference; lastKnownFileType = sourcecode.metal; path = Kernel.metal; sourceTree = "<group>"; };
		FD0EDB0322AB40B00035673C /* Accelerate.framework */ = {isa = PBXFileReference; lastKnownFileType = wrapper.framework; name = Accelerate.framework; path = System/Library/Frameworks/Accelerate.framework; sourceTree = SDKROOT; };
		FD0EDB0522AB40CF0035673C /* AudioToolbox.framework */ = {isa = PBXFileReference; lastKnownFileType = wrapper.framework; name = AudioToolbox.framework; path = System/Library/Frameworks/AudioToolbox.framework; sourceTree = SDKROOT; };
		FD0EDB0922AB496B0035673C /* RecordAudio.swift */ = {isa = PBXFileReference; lastKnownFileType = sourcecode.swift; path = RecordAudio.swift; sourceTree = "<group>"; };
		FD0EDB0B22AED5F60035673C /* MetalImageView.swift */ = {isa = PBXFileReference; lastKnownFileType = sourcecode.swift; path = MetalImageView.swift; sourceTree = "<group>"; };
		FD0EDB1B22C6A4040035673C /* RxMediaPicker.swift */ = {isa = PBXFileReference; lastKnownFileType = sourcecode.swift; path = RxMediaPicker.swift; sourceTree = "<group>"; };
		FD47B0FB22FA6D5B0006BEC0 /* DiskCatalog.swift */ = {isa = PBXFileReference; lastKnownFileType = sourcecode.swift; path = DiskCatalog.swift; sourceTree = "<group>"; };
		FD47B0FD230BB2A10006BEC0 /* DateUtil.swift */ = {isa = PBXFileReference; lastKnownFileType = sourcecode.swift; path = DateUtil.swift; sourceTree = "<group>"; };
		FD47B0FF230CFCA10006BEC0 /* URL+UrlInDocumentsDirectory.swift */ = {isa = PBXFileReference; lastKnownFileType = sourcecode.swift; path = "URL+UrlInDocumentsDirectory.swift"; sourceTree = "<group>"; };
		FD47B101230CFCDF0006BEC0 /* UIImageView+AnimateImageRefs.swift */ = {isa = PBXFileReference; lastKnownFileType = sourcecode.swift; path = "UIImageView+AnimateImageRefs.swift"; sourceTree = "<group>"; };
		FD47B103230ED0120006BEC0 /* UIImage+FixOrientation.swift */ = {isa = PBXFileReference; lastKnownFileType = sourcecode.swift; path = "UIImage+FixOrientation.swift"; sourceTree = "<group>"; };
		FD47B10723102BA80006BEC0 /* AveragingBuffer.swift */ = {isa = PBXFileReference; lastKnownFileType = sourcecode.swift; path = AveragingBuffer.swift; sourceTree = "<group>"; };
		FD47B1092311BE8D0006BEC0 /* round_mic.svg */ = {isa = PBXFileReference; fileEncoding = 4; lastKnownFileType = text; path = round_mic.svg; sourceTree = "<group>"; };
		FD47B10B2312F2600006BEC0 /* UIColor+Hex.swift */ = {isa = PBXFileReference; lastKnownFileType = sourcecode.swift; path = "UIColor+Hex.swift"; sourceTree = "<group>"; };
		FD946AC722D52411002CD027 /* VSSlider.swift */ = {isa = PBXFileReference; lastKnownFileType = sourcecode.swift; path = VSSlider.swift; sourceTree = "<group>"; };
		FD946ACF22D5268E002CD027 /* aubio.framework */ = {isa = PBXFileReference; lastKnownFileType = wrapper.framework; name = aubio.framework; path = Libs/aubio.framework; sourceTree = "<group>"; };
		FD946ADB22E20931002CD027 /* UIBezierPath+scaleAroundCenter.swift */ = {isa = PBXFileReference; lastKnownFileType = sourcecode.swift; path = "UIBezierPath+scaleAroundCenter.swift"; sourceTree = "<group>"; };
		FD946AE222E421A8002CD027 /* mic_off.svg */ = {isa = PBXFileReference; fileEncoding = 4; lastKnownFileType = text; path = mic_off.svg; sourceTree = "<group>"; };
		FD946AE422E421A9002CD027 /* mic.svg */ = {isa = PBXFileReference; fileEncoding = 4; lastKnownFileType = text; path = mic.svg; sourceTree = "<group>"; };
		FD946AEB22E4B1AD002CD027 /* BlurIconView.swift */ = {isa = PBXFileReference; lastKnownFileType = sourcecode.swift; path = BlurIconView.swift; sourceTree = "<group>"; };
		FD946AF122E4F9CA002CD027 /* clear.svg */ = {isa = PBXFileReference; fileEncoding = 4; lastKnownFileType = text.xml; path = clear.svg; sourceTree = "<group>"; };
		FD946AF222E4F9CA002CD027 /* add_photo.svg */ = {isa = PBXFileReference; fileEncoding = 4; lastKnownFileType = text.xml; path = add_photo.svg; sourceTree = "<group>"; };
		FD946AF522E4FC38002CD027 /* UILabel+Fade.swift */ = {isa = PBXFileReference; lastKnownFileType = sourcecode.swift; path = "UILabel+Fade.swift"; sourceTree = "<group>"; };
		FD9FE1FA22E738370037D1D1 /* ImageCell.swift */ = {isa = PBXFileReference; lastKnownFileType = sourcecode.swift; path = ImageCell.swift; sourceTree = "<group>"; };
		FDC821A522EA2E75009DCE9F /* delete.svg */ = {isa = PBXFileReference; fileEncoding = 4; lastKnownFileType = text.xml; path = delete.svg; sourceTree = "<group>"; };
		FDC821A722EA2FC9009DCE9F /* UIView+DashedBorder.swift */ = {isa = PBXFileReference; lastKnownFileType = sourcecode.swift; path = "UIView+DashedBorder.swift"; sourceTree = "<group>"; };
/* End PBXFileReference section */

/* Begin PBXFrameworksBuildPhase section */
		3E4A19421C8F1948006032BC /* Frameworks */ = {
			isa = PBXFrameworksBuildPhase;
			buildActionMask = 2147483647;
			files = (
				FD0EDB0622AB40CF0035673C /* AudioToolbox.framework in Frameworks */,
				FD0EDB0422AB40B00035673C /* Accelerate.framework in Frameworks */,
				691A4C063347AEA490873545 /* Pods_Nebula.framework in Frameworks */,
				FD946AD022D5268E002CD027 /* aubio.framework in Frameworks */,
			);
			runOnlyForDeploymentPostprocessing = 0;
		};
/* End PBXFrameworksBuildPhase section */

/* Begin PBXGroup section */
		3E4A193C1C8F1948006032BC = {
			isa = PBXGroup;
			children = (
				3E4A19471C8F1948006032BC /* Source */,
				3E4A19461C8F1948006032BC /* Products */,
				FD0EDB0222AB40B00035673C /* Frameworks */,
				FC2DB99CFE2B55A102F92AE4 /* Pods */,
			);
			sourceTree = "<group>";
		};
		3E4A19461C8F1948006032BC /* Products */ = {
			isa = PBXGroup;
			children = (
				3E4A19451C8F1948006032BC /* Nebula.app */,
			);
			name = Products;
			sourceTree = "<group>";
		};
		3E4A19471C8F1948006032BC /* Source */ = {
			isa = PBXGroup;
			children = (
				FD946ADA22E2090C002CD027 /* Extensions */,
				FD946AD522E104D6002CD027 /* Metal */,
				FD946AD422E104BD002CD027 /* Services */,
				FD946AD322E10461002CD027 /* Storyboards */,
				FD946AD222E10432002CD027 /* ViewControllers */,
				FD946AD122E10423002CD027 /* Views */,
				FD946ACC22D52636002CD027 /* Assets */,
				3E4A19481C8F1948006032BC /* AppDelegate.swift */,
				3E4A194F1C8F1948006032BC /* Assets.xcassets */,
				3E4A19541C8F1948006032BC /* Info.plist */,
			);
			path = Source;
			sourceTree = "<group>";
		};
		FC2DB99CFE2B55A102F92AE4 /* Pods */ = {
			isa = PBXGroup;
			children = (
				00637079041121AB83116368 /* Pods-Nebula.debug.xcconfig */,
				77889D80A880E1AB3B334F3A /* Pods-Nebula.release.xcconfig */,
			);
			path = Pods;
			sourceTree = "<group>";
		};
		FD0EDB0222AB40B00035673C /* Frameworks */ = {
			isa = PBXGroup;
			children = (
				FD946ACF22D5268E002CD027 /* aubio.framework */,
				FD0EDB0522AB40CF0035673C /* AudioToolbox.framework */,
				FD0EDB0322AB40B00035673C /* Accelerate.framework */,
				7DE33793EE165E3BD7567711 /* Pods_Nebula.framework */,
			);
			name = Frameworks;
			sourceTree = "<group>";
		};
		FD946ACC22D52636002CD027 /* Assets */ = {
			isa = PBXGroup;
			children = (
				FD47B1092311BE8D0006BEC0 /* round_mic.svg */,
				FDC821A522EA2E75009DCE9F /* delete.svg */,
				FD946AF222E4F9CA002CD027 /* add_photo.svg */,
				FD946AF122E4F9CA002CD027 /* clear.svg */,
				FD946AE222E421A8002CD027 /* mic_off.svg */,
				FD946AE422E421A9002CD027 /* mic.svg */,
			);
			path = Assets;
			sourceTree = "<group>";
		};
		FD946AD122E10423002CD027 /* Views */ = {
			isa = PBXGroup;
			children = (
				FD946AC722D52411002CD027 /* VSSlider.swift */,
				FD0EDB0B22AED5F60035673C /* MetalImageView.swift */,
				FD946AEB22E4B1AD002CD027 /* BlurIconView.swift */,
				FD9FE1FA22E738370037D1D1 /* ImageCell.swift */,
			);
			path = Views;
			sourceTree = "<group>";
		};
		FD946AD222E10432002CD027 /* ViewControllers */ = {
			isa = PBXGroup;
			children = (
				3E4A194A1C8F1948006032BC /* ViewController.swift */,
			);
			path = ViewControllers;
			sourceTree = "<group>";
		};
		FD946AD322E10461002CD027 /* Storyboards */ = {
			isa = PBXGroup;
			children = (
				3E4A194C1C8F1948006032BC /* Main.storyboard */,
				3E4A19511C8F1948006032BC /* LaunchScreen.storyboard */,
			);
			path = Storyboards;
			sourceTree = "<group>";
		};
		FD946AD422E104BD002CD027 /* Services */ = {
			isa = PBXGroup;
			children = (
				FD0EDB1B22C6A4040035673C /* RxMediaPicker.swift */,
				FD0EDB0922AB496B0035673C /* RecordAudio.swift */,
				FD47B0FB22FA6D5B0006BEC0 /* DiskCatalog.swift */,
				FD47B0FD230BB2A10006BEC0 /* DateUtil.swift */,
				FD47B10723102BA80006BEC0 /* AveragingBuffer.swift */,
			);
			path = Services;
			sourceTree = "<group>";
		};
		FD946AD522E104D6002CD027 /* Metal */ = {
			isa = PBXGroup;
			children = (
				FD0EDAFB22A5AFED0035673C /* Kernel.metal */,
			);
			path = Metal;
			sourceTree = "<group>";
		};
		FD946ADA22E2090C002CD027 /* Extensions */ = {
			isa = PBXGroup;
			children = (
				FD946ADB22E20931002CD027 /* UIBezierPath+scaleAroundCenter.swift */,
				FD946AF522E4FC38002CD027 /* UILabel+Fade.swift */,
				FDC821A722EA2FC9009DCE9F /* UIView+DashedBorder.swift */,
				FD47B0FF230CFCA10006BEC0 /* URL+UrlInDocumentsDirectory.swift */,
				FD47B101230CFCDF0006BEC0 /* UIImageView+AnimateImageRefs.swift */,
				FD47B103230ED0120006BEC0 /* UIImage+FixOrientation.swift */,
				FD47B10B2312F2600006BEC0 /* UIColor+Hex.swift */,
			);
			path = Extensions;
			sourceTree = "<group>";
		};
/* End PBXGroup section */

/* Begin PBXNativeTarget section */
		3E4A19441C8F1948006032BC /* Nebula */ = {
			isa = PBXNativeTarget;
			buildConfigurationList = 3E4A19571C8F1948006032BC /* Build configuration list for PBXNativeTarget "Nebula" */;
			buildPhases = (
				5BDC1DBCF7FFB9BBB74EC998 /* [CP] Check Pods Manifest.lock */,
				3E4A19411C8F1948006032BC /* Sources */,
				3E4A19421C8F1948006032BC /* Frameworks */,
				3E4A19431C8F1948006032BC /* Resources */,
				9BC0E355165C4B3D47FBE300 /* [CP] Embed Pods Frameworks */,
			);
			buildRules = (
			);
			dependencies = (
			);
			name = Nebula;
			productName = Nebula;
			productReference = 3E4A19451C8F1948006032BC /* Nebula.app */;
			productType = "com.apple.product-type.application";
		};
/* End PBXNativeTarget section */

/* Begin PBXProject section */
		3E4A193D1C8F1948006032BC /* Project object */ = {
			isa = PBXProject;
			attributes = {
				LastSwiftUpdateCheck = 0720;
				LastUpgradeCheck = 1020;
				ORGANIZATIONNAME = "Zeb Zhao";
				TargetAttributes = {
					3E4A19441C8F1948006032BC = {
						CreatedOnToolsVersion = 7.2.1;
						DevelopmentTeam = 34XH48YP27;
						LastSwiftMigration = 1020;
					};
				};
			};
			buildConfigurationList = 3E4A19401C8F1948006032BC /* Build configuration list for PBXProject "Nebula" */;
			compatibilityVersion = "Xcode 3.2";
			developmentRegion = en;
			hasScannedForEncodings = 0;
			knownRegions = (
				en,
				Base,
			);
			mainGroup = 3E4A193C1C8F1948006032BC;
			productRefGroup = 3E4A19461C8F1948006032BC /* Products */;
			projectDirPath = "";
			projectRoot = "";
			targets = (
				3E4A19441C8F1948006032BC /* Nebula */,
			);
		};
/* End PBXProject section */

/* Begin PBXResourcesBuildPhase section */
		3E4A19431C8F1948006032BC /* Resources */ = {
			isa = PBXResourcesBuildPhase;
			buildActionMask = 2147483647;
			files = (
				FD47B10A2311BE8D0006BEC0 /* round_mic.svg in Resources */,
				3E4A19531C8F1948006032BC /* LaunchScreen.storyboard in Resources */,
				FD946AF322E4F9CA002CD027 /* clear.svg in Resources */,
				3E4A19501C8F1948006032BC /* Assets.xcassets in Resources */,
				FD946AE722E421A9002CD027 /* mic_off.svg in Resources */,
				FDC821A622EA2E75009DCE9F /* delete.svg in Resources */,
				FD946AF422E4F9CA002CD027 /* add_photo.svg in Resources */,
				FD946AE922E421A9002CD027 /* mic.svg in Resources */,
				3E4A194E1C8F1948006032BC /* Main.storyboard in Resources */,
			);
			runOnlyForDeploymentPostprocessing = 0;
		};
/* End PBXResourcesBuildPhase section */

/* Begin PBXShellScriptBuildPhase section */
		5BDC1DBCF7FFB9BBB74EC998 /* [CP] Check Pods Manifest.lock */ = {
			isa = PBXShellScriptBuildPhase;
			buildActionMask = 2147483647;
			files = (
			);
			inputFileListPaths = (
			);
			inputPaths = (
				"${PODS_PODFILE_DIR_PATH}/Podfile.lock",
				"${PODS_ROOT}/Manifest.lock",
			);
			name = "[CP] Check Pods Manifest.lock";
			outputFileListPaths = (
			);
			outputPaths = (
				"$(DERIVED_FILE_DIR)/Pods-Nebula-checkManifestLockResult.txt",
			);
			runOnlyForDeploymentPostprocessing = 0;
			shellPath = /bin/sh;
			shellScript = "diff \"${PODS_PODFILE_DIR_PATH}/Podfile.lock\" \"${PODS_ROOT}/Manifest.lock\" > /dev/null\nif [ $? != 0 ] ; then\n    # print error to STDERR\n    echo \"error: The sandbox is not in sync with the Podfile.lock. Run 'pod install' or update your CocoaPods installation.\" >&2\n    exit 1\nfi\n# This output is used by Xcode 'outputs' to avoid re-running this script phase.\necho \"SUCCESS\" > \"${SCRIPT_OUTPUT_FILE_0}\"\n";
			showEnvVarsInLog = 0;
		};
		9BC0E355165C4B3D47FBE300 /* [CP] Embed Pods Frameworks */ = {
			isa = PBXShellScriptBuildPhase;
			buildActionMask = 2147483647;
			files = (
			);
			inputPaths = (
				"${PODS_ROOT}/Target Support Files/Pods-Nebula/Pods-Nebula-frameworks.sh",
				"${BUILT_PRODUCTS_DIR}/Disk/Disk.framework",
				"${BUILT_PRODUCTS_DIR}/KDCircularProgress/KDCircularProgress.framework",
				"${BUILT_PRODUCTS_DIR}/PocketSVG/PocketSVG.framework",
				"${BUILT_PRODUCTS_DIR}/RQShineLabel/RQShineLabel.framework",
				"${BUILT_PRODUCTS_DIR}/RxSwift/RxSwift.framework",
				"${BUILT_PRODUCTS_DIR}/SoundWave/SoundWave.framework",
				"${BUILT_PRODUCTS_DIR}/SpotlightLyrics/SpotlightLyrics.framework",
			);
			name = "[CP] Embed Pods Frameworks";
			outputPaths = (
				"${TARGET_BUILD_DIR}/${FRAMEWORKS_FOLDER_PATH}/Disk.framework",
				"${TARGET_BUILD_DIR}/${FRAMEWORKS_FOLDER_PATH}/KDCircularProgress.framework",
				"${TARGET_BUILD_DIR}/${FRAMEWORKS_FOLDER_PATH}/PocketSVG.framework",
				"${TARGET_BUILD_DIR}/${FRAMEWORKS_FOLDER_PATH}/RQShineLabel.framework",
				"${TARGET_BUILD_DIR}/${FRAMEWORKS_FOLDER_PATH}/RxSwift.framework",
				"${TARGET_BUILD_DIR}/${FRAMEWORKS_FOLDER_PATH}/SoundWave.framework",
				"${TARGET_BUILD_DIR}/${FRAMEWORKS_FOLDER_PATH}/SpotlightLyrics.framework",
			);
			runOnlyForDeploymentPostprocessing = 0;
			shellPath = /bin/sh;
			shellScript = "\"${PODS_ROOT}/Target Support Files/Pods-Nebula/Pods-Nebula-frameworks.sh\"\n";
			showEnvVarsInLog = 0;
		};
/* End PBXShellScriptBuildPhase section */

/* Begin PBXSourcesBuildPhase section */
		3E4A19411C8F1948006032BC /* Sources */ = {
			isa = PBXSourcesBuildPhase;
			buildActionMask = 2147483647;
			files = (
				FD946ADC22E20931002CD027 /* UIBezierPath+scaleAroundCenter.swift in Sources */,
				FD47B100230CFCA10006BEC0 /* URL+UrlInDocumentsDirectory.swift in Sources */,
				FDC821A822EA2FC9009DCE9F /* UIView+DashedBorder.swift in Sources */,
				FD0EDB1C22C6A4040035673C /* RxMediaPicker.swift in Sources */,
				3E4A194B1C8F1948006032BC /* ViewController.swift in Sources */,
				FD0EDB0C22AED5F60035673C /* MetalImageView.swift in Sources */,
				FD946AC822D52411002CD027 /* VSSlider.swift in Sources */,
				FD946AF622E4FC38002CD027 /* UILabel+Fade.swift in Sources */,
				FD47B10823102BA80006BEC0 /* AveragingBuffer.swift in Sources */,
				FD0EDB0A22AB496B0035673C /* RecordAudio.swift in Sources */,
				FD9FE1FB22E738370037D1D1 /* ImageCell.swift in Sources */,
				FD47B104230ED0120006BEC0 /* UIImage+FixOrientation.swift in Sources */,
				FD47B102230CFCDF0006BEC0 /* UIImageView+AnimateImageRefs.swift in Sources */,
				FD47B0FC22FA6D5B0006BEC0 /* DiskCatalog.swift in Sources */,
				FD47B10C2312F2600006BEC0 /* UIColor+Hex.swift in Sources */,
				FD0EDAFC22A5AFED0035673C /* Kernel.metal in Sources */,
				FD946AEC22E4B1AD002CD027 /* BlurIconView.swift in Sources */,
				3E4A19491C8F1948006032BC /* AppDelegate.swift in Sources */,
				FD47B0FE230BB2A10006BEC0 /* DateUtil.swift in Sources */,
			);
			runOnlyForDeploymentPostprocessing = 0;
		};
/* End PBXSourcesBuildPhase section */

/* Begin PBXVariantGroup section */
		3E4A194C1C8F1948006032BC /* Main.storyboard */ = {
			isa = PBXVariantGroup;
			children = (
				3E4A194D1C8F1948006032BC /* Base */,
			);
			name = Main.storyboard;
			sourceTree = "<group>";
		};
		3E4A19511C8F1948006032BC /* LaunchScreen.storyboard */ = {
			isa = PBXVariantGroup;
			children = (
				3E4A19521C8F1948006032BC /* Base */,
			);
			name = LaunchScreen.storyboard;
			sourceTree = "<group>";
		};
/* End PBXVariantGroup section */

/* Begin XCBuildConfiguration section */
		3E4A19551C8F1948006032BC /* Debug */ = {
			isa = XCBuildConfiguration;
			buildSettings = {
				ALWAYS_SEARCH_USER_PATHS = NO;
				CLANG_ANALYZER_LOCALIZABILITY_NONLOCALIZED = YES;
				CLANG_CXX_LANGUAGE_STANDARD = "gnu++0x";
				CLANG_CXX_LIBRARY = "libc++";
				CLANG_ENABLE_MODULES = YES;
				CLANG_ENABLE_OBJC_ARC = YES;
				CLANG_WARN_BLOCK_CAPTURE_AUTORELEASING = YES;
				CLANG_WARN_BOOL_CONVERSION = YES;
				CLANG_WARN_COMMA = YES;
				CLANG_WARN_CONSTANT_CONVERSION = YES;
				CLANG_WARN_DEPRECATED_OBJC_IMPLEMENTATIONS = YES;
				CLANG_WARN_DIRECT_OBJC_ISA_USAGE = YES_ERROR;
				CLANG_WARN_EMPTY_BODY = YES;
				CLANG_WARN_ENUM_CONVERSION = YES;
				CLANG_WARN_INFINITE_RECURSION = YES;
				CLANG_WARN_INT_CONVERSION = YES;
				CLANG_WARN_NON_LITERAL_NULL_CONVERSION = YES;
				CLANG_WARN_OBJC_IMPLICIT_RETAIN_SELF = YES;
				CLANG_WARN_OBJC_LITERAL_CONVERSION = YES;
				CLANG_WARN_OBJC_ROOT_CLASS = YES_ERROR;
				CLANG_WARN_RANGE_LOOP_ANALYSIS = YES;
				CLANG_WARN_STRICT_PROTOTYPES = YES;
				CLANG_WARN_SUSPICIOUS_MOVE = YES;
				CLANG_WARN_UNREACHABLE_CODE = YES;
				CLANG_WARN__DUPLICATE_METHOD_MATCH = YES;
				"CODE_SIGN_IDENTITY[sdk=iphoneos*]" = "iPhone Developer";
				COPY_PHASE_STRIP = NO;
				DEBUG_INFORMATION_FORMAT = dwarf;
				ENABLE_STRICT_OBJC_MSGSEND = YES;
				ENABLE_TESTABILITY = YES;
				GCC_C_LANGUAGE_STANDARD = gnu99;
				GCC_DYNAMIC_NO_PIC = NO;
				GCC_NO_COMMON_BLOCKS = YES;
				GCC_OPTIMIZATION_LEVEL = 0;
				GCC_PREPROCESSOR_DEFINITIONS = (
					"DEBUG=1",
					"$(inherited)",
				);
				GCC_WARN_64_TO_32_BIT_CONVERSION = YES;
				GCC_WARN_ABOUT_RETURN_TYPE = YES_ERROR;
				GCC_WARN_UNDECLARED_SELECTOR = YES;
				GCC_WARN_UNINITIALIZED_AUTOS = YES_AGGRESSIVE;
				GCC_WARN_UNUSED_FUNCTION = YES;
				GCC_WARN_UNUSED_VARIABLE = YES;
				IPHONEOS_DEPLOYMENT_TARGET = 12.2;
				MTLLINKER_FLAGS = "-cikernel";
				MTL_COMPILER_FLAGS = "-fcikernel";
				MTL_ENABLE_DEBUG_INFO = YES;
				ONLY_ACTIVE_ARCH = YES;
				SDKROOT = iphoneos;
				SWIFT_OPTIMIZATION_LEVEL = "-O";
				SWIFT_VERSION = 5.0;
				TARGETED_DEVICE_FAMILY = 2;
			};
			name = Debug;
		};
		3E4A19561C8F1948006032BC /* Release */ = {
			isa = XCBuildConfiguration;
			buildSettings = {
				ALWAYS_SEARCH_USER_PATHS = NO;
				CLANG_ANALYZER_LOCALIZABILITY_NONLOCALIZED = YES;
				CLANG_CXX_LANGUAGE_STANDARD = "gnu++0x";
				CLANG_CXX_LIBRARY = "libc++";
				CLANG_ENABLE_MODULES = YES;
				CLANG_ENABLE_OBJC_ARC = YES;
				CLANG_WARN_BLOCK_CAPTURE_AUTORELEASING = YES;
				CLANG_WARN_BOOL_CONVERSION = YES;
				CLANG_WARN_COMMA = YES;
				CLANG_WARN_CONSTANT_CONVERSION = YES;
				CLANG_WARN_DEPRECATED_OBJC_IMPLEMENTATIONS = YES;
				CLANG_WARN_DIRECT_OBJC_ISA_USAGE = YES_ERROR;
				CLANG_WARN_EMPTY_BODY = YES;
				CLANG_WARN_ENUM_CONVERSION = YES;
				CLANG_WARN_INFINITE_RECURSION = YES;
				CLANG_WARN_INT_CONVERSION = YES;
				CLANG_WARN_NON_LITERAL_NULL_CONVERSION = YES;
				CLANG_WARN_OBJC_IMPLICIT_RETAIN_SELF = YES;
				CLANG_WARN_OBJC_LITERAL_CONVERSION = YES;
				CLANG_WARN_OBJC_ROOT_CLASS = YES_ERROR;
				CLANG_WARN_RANGE_LOOP_ANALYSIS = YES;
				CLANG_WARN_STRICT_PROTOTYPES = YES;
				CLANG_WARN_SUSPICIOUS_MOVE = YES;
				CLANG_WARN_UNREACHABLE_CODE = YES;
				CLANG_WARN__DUPLICATE_METHOD_MATCH = YES;
				"CODE_SIGN_IDENTITY[sdk=iphoneos*]" = "iPhone Developer";
				COPY_PHASE_STRIP = NO;
				DEBUG_INFORMATION_FORMAT = "dwarf-with-dsym";
				ENABLE_NS_ASSERTIONS = NO;
				ENABLE_STRICT_OBJC_MSGSEND = YES;
				GCC_C_LANGUAGE_STANDARD = gnu99;
				GCC_NO_COMMON_BLOCKS = YES;
				GCC_WARN_64_TO_32_BIT_CONVERSION = YES;
				GCC_WARN_ABOUT_RETURN_TYPE = YES_ERROR;
				GCC_WARN_UNDECLARED_SELECTOR = YES;
				GCC_WARN_UNINITIALIZED_AUTOS = YES_AGGRESSIVE;
				GCC_WARN_UNUSED_FUNCTION = YES;
				GCC_WARN_UNUSED_VARIABLE = YES;
				IPHONEOS_DEPLOYMENT_TARGET = 12.2;
				MTLLINKER_FLAGS = "-cikernel";
				MTL_COMPILER_FLAGS = "-fcikernel";
				MTL_ENABLE_DEBUG_INFO = NO;
				SDKROOT = iphoneos;
				SWIFT_COMPILATION_MODE = wholemodule;
				SWIFT_VERSION = 5.0;
				TARGETED_DEVICE_FAMILY = 2;
				VALIDATE_PRODUCT = YES;
			};
			name = Release;
		};
		3E4A19581C8F1948006032BC /* Debug */ = {
			isa = XCBuildConfiguration;
			baseConfigurationReference = 00637079041121AB83116368 /* Pods-Nebula.debug.xcconfig */;
			buildSettings = {
				ASSETCATALOG_COMPILER_APPICON_NAME = AppIcon;
				DEVELOPMENT_TEAM = 34XH48YP27;
				FRAMEWORK_SEARCH_PATHS = (
					"$(inherited)",
					"$(PROJECT_DIR)/Libs",
				);
				INFOPLIST_FILE = "$(SRCROOT)/Source/Info.plist";
				LD_RUNPATH_SEARCH_PATHS = "$(inherited) @executable_path/Frameworks";
				PRODUCT_BUNDLE_IDENTIFIER = io.spcks.Nebula;
				PRODUCT_NAME = "$(TARGET_NAME)";
				SWIFT_VERSION = 5.0;
				TARGETED_DEVICE_FAMILY = "1,2";
			};
			name = Debug;
		};
		3E4A19591C8F1948006032BC /* Release */ = {
			isa = XCBuildConfiguration;
			baseConfigurationReference = 77889D80A880E1AB3B334F3A /* Pods-Nebula.release.xcconfig */;
			buildSettings = {
				ASSETCATALOG_COMPILER_APPICON_NAME = AppIcon;
				DEVELOPMENT_TEAM = 34XH48YP27;
				FRAMEWORK_SEARCH_PATHS = (
					"$(inherited)",
					"$(PROJECT_DIR)/Libs",
				);
				INFOPLIST_FILE = "$(SRCROOT)/Source/Info.plist";
				LD_RUNPATH_SEARCH_PATHS = "$(inherited) @executable_path/Frameworks";
				PRODUCT_BUNDLE_IDENTIFIER = io.spcks.Nebula;
				PRODUCT_NAME = "$(TARGET_NAME)";
				SWIFT_VERSION = 5.0;
				TARGETED_DEVICE_FAMILY = "1,2";
			};
			name = Release;
		};
/* End XCBuildConfiguration section */

/* Begin XCConfigurationList section */
		3E4A19401C8F1948006032BC /* Build configuration list for PBXProject "Nebula" */ = {
			isa = XCConfigurationList;
			buildConfigurations = (
				3E4A19551C8F1948006032BC /* Debug */,
				3E4A19561C8F1948006032BC /* Release */,
			);
			defaultConfigurationIsVisible = 0;
			defaultConfigurationName = Release;
		};
		3E4A19571C8F1948006032BC /* Build configuration list for PBXNativeTarget "Nebula" */ = {
			isa = XCConfigurationList;
			buildConfigurations = (
				3E4A19581C8F1948006032BC /* Debug */,
				3E4A19591C8F1948006032BC /* Release */,
			);
			defaultConfigurationIsVisible = 0;
			defaultConfigurationName = Release;
		};
/* End XCConfigurationList section */
	};
	rootObject = 3E4A193D1C8F1948006032BC /* Project object */;
}
